
Microsoft Visual Studio Solution File, Format Version 12.00
# Visual Studio Version 17
VisualStudioVersion = 17.1.32319.34
MinimumVisualStudioVersion = 10.0.40219.1
Project("{FAE04EC0-301F-11D3-BF4B-00C04F79EFBC}") = "IgualHash", "IgualHash\IgualHash.csproj", "{04FC003D-6E4A-4FA5-8BE3-9AE16A76CDFF}"
EndProject
Global
	GlobalSection(SolutionConfigurationPlatforms) = preSolution
		Debug|Any CPU = Debug|Any CPU
		Release|Any CPU = Release|Any CPU
	EndGlobalSection
	GlobalSection(ProjectConfigurationPlatforms) = postSolution
		{04FC003D-6E4A-4FA5-8BE3-9AE16A76CDFF}.Debug|Any CPU.ActiveCfg = Debug|Any CPU
		{04FC003D-6E4A-4FA5-8BE3-9AE16A76CDFF}.Debug|Any CPU.Build.0 = Debug|Any CPU
		{04FC003D-6E4A-4FA5-8BE3-9AE16A76CDFF}.Release|Any CPU.ActiveCfg = Release|Any CPU
		{04FC003D-6E4A-4FA5-8BE3-9AE16A76CDFF}.Release|Any CPU.Build.0 = Release|Any CPU
	EndGlobalSection
	GlobalSection(SolutionProperties) = preSolution
		HideSolutionNode = FALSE
	EndGlobalSection
	GlobalSection(ExtensibilityGlobals) = postSolution
		SolutionGuid = {9169E790-1B96-429F-9851-D7D44ACADA32}
	EndGlobalSection
EndGlobal
