
Microsoft Visual Studio Solution File, Format Version 12.00
# Visual Studio Version 17
VisualStudioVersion = 17.1.32319.34
MinimumVisualStudioVersion = 10.0.40219.1
Project("{FAE04EC0-301F-11D3-BF4B-00C04F79EFBC}") = "ServicesAccount", "ServicesAccount\ServicesAccount.csproj", "{8FCF3C31-5ECD-48E5-8252-D182BD0C227E}"
EndProject
Global
	GlobalSection(SolutionConfigurationPlatforms) = preSolution
		Debug|Any CPU = Debug|Any CPU
		Release|Any CPU = Release|Any CPU
	EndGlobalSection
	GlobalSection(ProjectConfigurationPlatforms) = postSolution
		{8FCF3C31-5ECD-48E5-8252-D182BD0C227E}.Debug|Any CPU.ActiveCfg = Debug|Any CPU
		{8FCF3C31-5ECD-48E5-8252-D182BD0C227E}.Debug|Any CPU.Build.0 = Debug|Any CPU
		{8FCF3C31-5ECD-48E5-8252-D182BD0C227E}.Release|Any CPU.ActiveCfg = Release|Any CPU
		{8FCF3C31-5ECD-48E5-8252-D182BD0C227E}.Release|Any CPU.Build.0 = Release|Any CPU
	EndGlobalSection
	GlobalSection(SolutionProperties) = preSolution
		HideSolutionNode = FALSE
	EndGlobalSection
	GlobalSection(ExtensibilityGlobals) = postSolution
		SolutionGuid = {83FC8B8C-83A3-4241-9EE5-7E89B2383018}
	EndGlobalSection
EndGlobal
